
Microsoft Visual Studio Solution File, Format Version 12.00
# Visual Studio Version 17
VisualStudioVersion = 17.10.34928.147
MinimumVisualStudioVersion = 10.0.40219.1
Project("{9A19103F-16F7-4668-BE54-9A1E7A4F7556}") = "DatabaseAccess", "DatabaseAccess\DatabaseAccess.csproj", "{E27ADDB0-BC7F-414F-BE96-BE77F4B5F475}"
EndProject
Project("{9A19103F-16F7-4668-BE54-9A1E7A4F7556}") = "ModelClasses", "ModelClasses\ModelClasses.csproj", "{22DE5DD6-05F5-4517-A8D1-AC116F0B89BC}"
EndProject
Project("{9A19103F-16F7-4668-BE54-9A1E7A4F7556}") = "ConsoleView", "ConsoleView\ConsoleView.csproj", "{AB380682-BE48-463A-8DE7-F181937D0EDB}"
EndProject
Project("{9A19103F-16F7-4668-BE54-9A1E7A4F7556}") = "AdminApp", "DatabaseControllers\AdminApp.csproj", "{7B42C07C-14BD-4C1B-8D02-9DC71EDD0FE8}"
EndProject
Project("{FAE04EC0-301F-11D3-BF4B-00C04F79EFBC}") = "AdminAppView", "AdminAppView\AdminAppView.csproj", "{75686C6B-F24E-4489-8A76-41F0D459091B}"
EndProject
Global
	GlobalSection(SolutionConfigurationPlatforms) = preSolution
		Debug|Any CPU = Debug|Any CPU
		Release|Any CPU = Release|Any CPU
	EndGlobalSection
	GlobalSection(ProjectConfigurationPlatforms) = postSolution
		{E27ADDB0-BC7F-414F-BE96-BE77F4B5F475}.Debug|Any CPU.ActiveCfg = Debug|Any CPU
		{E27ADDB0-BC7F-414F-BE96-BE77F4B5F475}.Debug|Any CPU.Build.0 = Debug|Any CPU
		{E27ADDB0-BC7F-414F-BE96-BE77F4B5F475}.Release|Any CPU.ActiveCfg = Release|Any CPU
		{E27ADDB0-BC7F-414F-BE96-BE77F4B5F475}.Release|Any CPU.Build.0 = Release|Any CPU
		{22DE5DD6-05F5-4517-A8D1-AC116F0B89BC}.Debug|Any CPU.ActiveCfg = Debug|Any CPU
		{22DE5DD6-05F5-4517-A8D1-AC116F0B89BC}.Debug|Any CPU.Build.0 = Debug|Any CPU
		{22DE5DD6-05F5-4517-A8D1-AC116F0B89BC}.Release|Any CPU.ActiveCfg = Release|Any CPU
		{22DE5DD6-05F5-4517-A8D1-AC116F0B89BC}.Release|Any CPU.Build.0 = Release|Any CPU
		{AB380682-BE48-463A-8DE7-F181937D0EDB}.Debug|Any CPU.ActiveCfg = Debug|Any CPU
		{AB380682-BE48-463A-8DE7-F181937D0EDB}.Debug|Any CPU.Build.0 = Debug|Any CPU
		{AB380682-BE48-463A-8DE7-F181937D0EDB}.Release|Any CPU.ActiveCfg = Release|Any CPU
		{AB380682-BE48-463A-8DE7-F181937D0EDB}.Release|Any CPU.Build.0 = Release|Any CPU
		{7B42C07C-14BD-4C1B-8D02-9DC71EDD0FE8}.Debug|Any CPU.ActiveCfg = Debug|Any CPU
		{7B42C07C-14BD-4C1B-8D02-9DC71EDD0FE8}.Debug|Any CPU.Build.0 = Debug|Any CPU
		{7B42C07C-14BD-4C1B-8D02-9DC71EDD0FE8}.Release|Any CPU.ActiveCfg = Release|Any CPU
		{7B42C07C-14BD-4C1B-8D02-9DC71EDD0FE8}.Release|Any CPU.Build.0 = Release|Any CPU
		{75686C6B-F24E-4489-8A76-41F0D459091B}.Debug|Any CPU.ActiveCfg = Debug|Any CPU
		{75686C6B-F24E-4489-8A76-41F0D459091B}.Debug|Any CPU.Build.0 = Debug|Any CPU
		{75686C6B-F24E-4489-8A76-41F0D459091B}.Release|Any CPU.ActiveCfg = Release|Any CPU
		{75686C6B-F24E-4489-8A76-41F0D459091B}.Release|Any CPU.Build.0 = Release|Any CPU
	EndGlobalSection
	GlobalSection(SolutionProperties) = preSolution
		HideSolutionNode = FALSE
	EndGlobalSection
	GlobalSection(ExtensibilityGlobals) = postSolution
		SolutionGuid = {A00407EC-2A33-413E-BEB2-1411D2380E14}
	EndGlobalSection
EndGlobal
